
Microsoft Visual Studio Solution File, Format Version 12.00
# Visual Studio Version 17
VisualStudioVersion = 17.13.35806.99 d17.13
MinimumVisualStudioVersion = 10.0.40219.1
Project("{2150E333-8FDC-42A3-9474-1A3956D46DE8}") = "Source", "Source", "{02EA681E-C7D8-13C7-8484-4AC65E1B71E8}"
EndProject
Project("{FAE04EC0-301F-11D3-BF4B-00C04F79EFBC}") = "CINE.Api", "CINE.Api\CINE.Api.csproj", "{73C256E5-0541-487C-B3B7-518BD09EC487}"
EndProject
Global
	GlobalSection(SolutionConfigurationPlatforms) = preSolution
		Debug|Any CPU = Debug|Any CPU
		Release|Any CPU = Release|Any CPU
	EndGlobalSection
	GlobalSection(ProjectConfigurationPlatforms) = postSolution
		{73C256E5-0541-487C-B3B7-518BD09EC487}.Debug|Any CPU.ActiveCfg = Debug|Any CPU
		{73C256E5-0541-487C-B3B7-518BD09EC487}.Debug|Any CPU.Build.0 = Debug|Any CPU
		{73C256E5-0541-487C-B3B7-518BD09EC487}.Release|Any CPU.ActiveCfg = Release|Any CPU
		{73C256E5-0541-487C-B3B7-518BD09EC487}.Release|Any CPU.Build.0 = Release|Any CPU
	EndGlobalSection
	GlobalSection(SolutionProperties) = preSolution
		HideSolutionNode = FALSE
	EndGlobalSection
	GlobalSection(NestedProjects) = preSolution
		{73C256E5-0541-487C-B3B7-518BD09EC487} = {02EA681E-C7D8-13C7-8484-4AC65E1B71E8}
	EndGlobalSection
	GlobalSection(ExtensibilityGlobals) = postSolution
		SolutionGuid = {1C2E7859-886E-49E4-AF3A-2BB943CA48AB}
	EndGlobalSection
EndGlobal
